{
  "name": "10.Bingo",
  "lockfileVersion": 2,
  "requires": true,
  "packages": {
    "": {
      "dependencies": {
        "@nastyox/rando.js": "^2.0.0"
      }
    },
    "node_modules/@nastyox/rando.js": {
      "version": "2.0.0",
      "resolved": "https://registry.npmjs.org/@nastyox/rando.js/-/rando.js-2.0.0.tgz",
      "integrity": "sha512-5u5kIZ2DbC483ojFjJ84RWTLXSbYTfsVYwsk1c3K68RhYQUinzEil6Z9BZyqihXRZgqlydN3prC4gZ5bluGTRQ==",
      "deprecated": "cryptographic security ensured for modular projects in v2.0.5"
    }
  },
  "dependencies": {
    "@nastyox/rando.js": {
      "version": "2.0.0",
      "resolved": "https://registry.npmjs.org/@nastyox/rando.js/-/rando.js-2.0.0.tgz",
      "integrity": "sha512-5u5kIZ2DbC483ojFjJ84RWTLXSbYTfsVYwsk1c3K68RhYQUinzEil6Z9BZyqihXRZgqlydN3prC4gZ5bluGTRQ=="
    }
  }
}
